
Microsoft Visual Studio Solution File, Format Version 12.00
# Visual Studio 2013
VisualStudioVersion = 12.0.40629.0
MinimumVisualStudioVersion = 10.0.40219.1
Project("{FAE04EC0-301F-11D3-BF4B-00C04F79EFBC}") = "OddOrEven", "OddOrEven\OddOrEven.csproj", "{A5F08A46-B3D6-4DE9-8722-ED082925FE29}"
EndProject
Project("{FAE04EC0-301F-11D3-BF4B-00C04F79EFBC}") = "MoonGravity", "MoonGravity\MoonGravity.csproj", "{A8EFFB94-0E3F-4D5C-9BEA-3E249620B090}"
EndProject
Project("{FAE04EC0-301F-11D3-BF4B-00C04F79EFBC}") = "DivideBy7And5", "DivideBy7And5\DivideBy7And5.csproj", "{80431B31-3B03-459C-BDC2-0E7C8D63900A}"
EndProject
Project("{FAE04EC0-301F-11D3-BF4B-00C04F79EFBC}") = "Rectangles", "Rectangles\Rectangles.csproj", "{3EB43FBB-F937-42A4-BF77-75B86504979A}"
EndProject
Project("{FAE04EC0-301F-11D3-BF4B-00C04F79EFBC}") = "ThirdDigit", "ThirdDigit\ThirdDigit.csproj", "{E234F42E-7EA3-44EA-8DDC-E20D7D07A0A7}"
EndProject
Project("{FAE04EC0-301F-11D3-BF4B-00C04F79EFBC}") = "FourDigits", "FourDigits\FourDigits.csproj", "{B9EE8BF3-1CD6-46CD-83FC-8E9BFED08246}"
EndProject
Project("{FAE04EC0-301F-11D3-BF4B-00C04F79EFBC}") = "PointInACircle", "PointInACircle\PointInACircle.csproj", "{A61A6673-6BD5-45A8-8F70-CAB48634BAF1}"
EndProject
Project("{FAE04EC0-301F-11D3-BF4B-00C04F79EFBC}") = "PrimeCheck", "PrimeCheck\PrimeCheck.csproj", "{97D997D6-1095-474B-9C23-F999E0A915EA}"
EndProject
Project("{FAE04EC0-301F-11D3-BF4B-00C04F79EFBC}") = "Trapezoids", "Trapezoids\Trapezoids.csproj", "{31BE4711-D4A0-488B-A065-985682690B6F}"
EndProject
Project("{FAE04EC0-301F-11D3-BF4B-00C04F79EFBC}") = "PointCircleRectangle", "PointCircleRectangle\PointCircleRectangle.csproj", "{A33F05DD-CBED-4029-AA75-92D3323F45A6}"
EndProject
Project("{FAE04EC0-301F-11D3-BF4B-00C04F79EFBC}") = "ThirdBit", "ThirdBit\ThirdBit.csproj", "{8845DFE7-2636-4C4A-84ED-F03C40A3189B}"
EndProject
Project("{FAE04EC0-301F-11D3-BF4B-00C04F79EFBC}") = "NBit", "NBit\NBit.csproj", "{1DBFD115-1E21-4BEA-B315-3093865450C9}"
EndProject
Project("{FAE04EC0-301F-11D3-BF4B-00C04F79EFBC}") = "ModifyBit", "ModifyBit\ModifyBit.csproj", "{82C83302-EB22-48B6-92A9-775133D584F3}"
EndProject
Project("{FAE04EC0-301F-11D3-BF4B-00C04F79EFBC}") = "BitExchange", "BitExchange\BitExchange.csproj", "{1A86FAA5-A728-4EF1-B807-D47C716B04B9}"
EndProject
Project("{FAE04EC0-301F-11D3-BF4B-00C04F79EFBC}") = "BitSwap", "BitSwap\BitSwap.csproj", "{EF694E86-EE82-41B0-A6E6-219EDD92E4D0}"
EndProject
Global
	GlobalSection(SolutionConfigurationPlatforms) = preSolution
		Debug|Any CPU = Debug|Any CPU
		Release|Any CPU = Release|Any CPU
	EndGlobalSection
	GlobalSection(ProjectConfigurationPlatforms) = postSolution
		{A5F08A46-B3D6-4DE9-8722-ED082925FE29}.Debug|Any CPU.ActiveCfg = Debug|Any CPU
		{A5F08A46-B3D6-4DE9-8722-ED082925FE29}.Debug|Any CPU.Build.0 = Debug|Any CPU
		{A5F08A46-B3D6-4DE9-8722-ED082925FE29}.Release|Any CPU.ActiveCfg = Release|Any CPU
		{A5F08A46-B3D6-4DE9-8722-ED082925FE29}.Release|Any CPU.Build.0 = Release|Any CPU
		{A8EFFB94-0E3F-4D5C-9BEA-3E249620B090}.Debug|Any CPU.ActiveCfg = Debug|Any CPU
		{A8EFFB94-0E3F-4D5C-9BEA-3E249620B090}.Debug|Any CPU.Build.0 = Debug|Any CPU
		{A8EFFB94-0E3F-4D5C-9BEA-3E249620B090}.Release|Any CPU.ActiveCfg = Release|Any CPU
		{A8EFFB94-0E3F-4D5C-9BEA-3E249620B090}.Release|Any CPU.Build.0 = Release|Any CPU
		{80431B31-3B03-459C-BDC2-0E7C8D63900A}.Debug|Any CPU.ActiveCfg = Debug|Any CPU
		{80431B31-3B03-459C-BDC2-0E7C8D63900A}.Debug|Any CPU.Build.0 = Debug|Any CPU
		{80431B31-3B03-459C-BDC2-0E7C8D63900A}.Release|Any CPU.ActiveCfg = Release|Any CPU
		{80431B31-3B03-459C-BDC2-0E7C8D63900A}.Release|Any CPU.Build.0 = Release|Any CPU
		{3EB43FBB-F937-42A4-BF77-75B86504979A}.Debug|Any CPU.ActiveCfg = Debug|Any CPU
		{3EB43FBB-F937-42A4-BF77-75B86504979A}.Debug|Any CPU.Build.0 = Debug|Any CPU
		{3EB43FBB-F937-42A4-BF77-75B86504979A}.Release|Any CPU.ActiveCfg = Release|Any CPU
		{3EB43FBB-F937-42A4-BF77-75B86504979A}.Release|Any CPU.Build.0 = Release|Any CPU
		{E234F42E-7EA3-44EA-8DDC-E20D7D07A0A7}.Debug|Any CPU.ActiveCfg = Debug|Any CPU
		{E234F42E-7EA3-44EA-8DDC-E20D7D07A0A7}.Debug|Any CPU.Build.0 = Debug|Any CPU
		{E234F42E-7EA3-44EA-8DDC-E20D7D07A0A7}.Release|Any CPU.ActiveCfg = Release|Any CPU
		{E234F42E-7EA3-44EA-8DDC-E20D7D07A0A7}.Release|Any CPU.Build.0 = Release|Any CPU
		{B9EE8BF3-1CD6-46CD-83FC-8E9BFED08246}.Debug|Any CPU.ActiveCfg = Debug|Any CPU
		{B9EE8BF3-1CD6-46CD-83FC-8E9BFED08246}.Debug|Any CPU.Build.0 = Debug|Any CPU
		{B9EE8BF3-1CD6-46CD-83FC-8E9BFED08246}.Release|Any CPU.ActiveCfg = Release|Any CPU
		{B9EE8BF3-1CD6-46CD-83FC-8E9BFED08246}.Release|Any CPU.Build.0 = Release|Any CPU
		{A61A6673-6BD5-45A8-8F70-CAB48634BAF1}.Debug|Any CPU.ActiveCfg = Debug|Any CPU
		{A61A6673-6BD5-45A8-8F70-CAB48634BAF1}.Debug|Any CPU.Build.0 = Debug|Any CPU
		{A61A6673-6BD5-45A8-8F70-CAB48634BAF1}.Release|Any CPU.ActiveCfg = Release|Any CPU
		{A61A6673-6BD5-45A8-8F70-CAB48634BAF1}.Release|Any CPU.Build.0 = Release|Any CPU
		{97D997D6-1095-474B-9C23-F999E0A915EA}.Debug|Any CPU.ActiveCfg = Debug|Any CPU
		{97D997D6-1095-474B-9C23-F999E0A915EA}.Debug|Any CPU.Build.0 = Debug|Any CPU
		{97D997D6-1095-474B-9C23-F999E0A915EA}.Release|Any CPU.ActiveCfg = Release|Any CPU
		{97D997D6-1095-474B-9C23-F999E0A915EA}.Release|Any CPU.Build.0 = Release|Any CPU
		{31BE4711-D4A0-488B-A065-985682690B6F}.Debug|Any CPU.ActiveCfg = Debug|Any CPU
		{31BE4711-D4A0-488B-A065-985682690B6F}.Debug|Any CPU.Build.0 = Debug|Any CPU
		{31BE4711-D4A0-488B-A065-985682690B6F}.Release|Any CPU.ActiveCfg = Release|Any CPU
		{31BE4711-D4A0-488B-A065-985682690B6F}.Release|Any CPU.Build.0 = Release|Any CPU
		{A33F05DD-CBED-4029-AA75-92D3323F45A6}.Debug|Any CPU.ActiveCfg = Debug|Any CPU
		{A33F05DD-CBED-4029-AA75-92D3323F45A6}.Debug|Any CPU.Build.0 = Debug|Any CPU
		{A33F05DD-CBED-4029-AA75-92D3323F45A6}.Release|Any CPU.ActiveCfg = Release|Any CPU
		{A33F05DD-CBED-4029-AA75-92D3323F45A6}.Release|Any CPU.Build.0 = Release|Any CPU
		{8845DFE7-2636-4C4A-84ED-F03C40A3189B}.Debug|Any CPU.ActiveCfg = Debug|Any CPU
		{8845DFE7-2636-4C4A-84ED-F03C40A3189B}.Debug|Any CPU.Build.0 = Debug|Any CPU
		{8845DFE7-2636-4C4A-84ED-F03C40A3189B}.Release|Any CPU.ActiveCfg = Release|Any CPU
		{8845DFE7-2636-4C4A-84ED-F03C40A3189B}.Release|Any CPU.Build.0 = Release|Any CPU
		{1DBFD115-1E21-4BEA-B315-3093865450C9}.Debug|Any CPU.ActiveCfg = Debug|Any CPU
		{1DBFD115-1E21-4BEA-B315-3093865450C9}.Debug|Any CPU.Build.0 = Debug|Any CPU
		{1DBFD115-1E21-4BEA-B315-3093865450C9}.Release|Any CPU.ActiveCfg = Release|Any CPU
		{1DBFD115-1E21-4BEA-B315-3093865450C9}.Release|Any CPU.Build.0 = Release|Any CPU
		{82C83302-EB22-48B6-92A9-775133D584F3}.Debug|Any CPU.ActiveCfg = Debug|Any CPU
		{82C83302-EB22-48B6-92A9-775133D584F3}.Debug|Any CPU.Build.0 = Debug|Any CPU
		{82C83302-EB22-48B6-92A9-775133D584F3}.Release|Any CPU.ActiveCfg = Release|Any CPU
		{82C83302-EB22-48B6-92A9-775133D584F3}.Release|Any CPU.Build.0 = Release|Any CPU
		{1A86FAA5-A728-4EF1-B807-D47C716B04B9}.Debug|Any CPU.ActiveCfg = Debug|Any CPU
		{1A86FAA5-A728-4EF1-B807-D47C716B04B9}.Debug|Any CPU.Build.0 = Debug|Any CPU
		{1A86FAA5-A728-4EF1-B807-D47C716B04B9}.Release|Any CPU.ActiveCfg = Release|Any CPU
		{1A86FAA5-A728-4EF1-B807-D47C716B04B9}.Release|Any CPU.Build.0 = Release|Any CPU
		{EF694E86-EE82-41B0-A6E6-219EDD92E4D0}.Debug|Any CPU.ActiveCfg = Debug|Any CPU
		{EF694E86-EE82-41B0-A6E6-219EDD92E4D0}.Debug|Any CPU.Build.0 = Debug|Any CPU
		{EF694E86-EE82-41B0-A6E6-219EDD92E4D0}.Release|Any CPU.ActiveCfg = Release|Any CPU
		{EF694E86-EE82-41B0-A6E6-219EDD92E4D0}.Release|Any CPU.Build.0 = Release|Any CPU
	EndGlobalSection
	GlobalSection(SolutionProperties) = preSolution
		HideSolutionNode = FALSE
	EndGlobalSection
EndGlobal
